
Microsoft Visual Studio Solution File, Format Version 12.00
# Visual Studio Version 17
VisualStudioVersion = 17.0.31919.166
MinimumVisualStudioVersion = 10.0.40219.1
Project("{FAE04EC0-301F-11D3-BF4B-00C04F79EFBC}") = "ConsoleApp1", "ConsoleApp1\ConsoleApp1.csproj", "{CE3B4B21-4381-4446-ACB0-1C792FF76936}"
EndProject
Global
	GlobalSection(SolutionConfigurationPlatforms) = preSolution
		Debug|Any CPU = Debug|Any CPU
		Release|Any CPU = Release|Any CPU
	EndGlobalSection
	GlobalSection(ProjectConfigurationPlatforms) = postSolution
		{CE3B4B21-4381-4446-ACB0-1C792FF76936}.Debug|Any CPU.ActiveCfg = Debug|Any CPU
		{CE3B4B21-4381-4446-ACB0-1C792FF76936}.Debug|Any CPU.Build.0 = Debug|Any CPU
		{CE3B4B21-4381-4446-ACB0-1C792FF76936}.Release|Any CPU.ActiveCfg = Release|Any CPU
		{CE3B4B21-4381-4446-ACB0-1C792FF76936}.Release|Any CPU.Build.0 = Release|Any CPU
	EndGlobalSection
	GlobalSection(SolutionProperties) = preSolution
		HideSolutionNode = FALSE
	EndGlobalSection
	GlobalSection(ExtensibilityGlobals) = postSolution
		SolutionGuid = {AD3E1FE5-F3C2-447B-86D1-D9E5960DABFC}
	EndGlobalSection
EndGlobal
